
Microsoft Visual Studio Solution File, Format Version 12.00
# Visual Studio 14
VisualStudioVersion = 14.0.24720.0
MinimumVisualStudioVersion = 10.0.40219.1
Project("{2150E333-8FDC-42A3-9474-1A3956D46DE8}") = "Data", "Data", "{A255F3DD-6BDE-41F1-8F37-AAE0A0E45DEB}"
EndProject
Project("{2150E333-8FDC-42A3-9474-1A3956D46DE8}") = "Web", "Web", "{CD21CD7A-0677-4DCA-9BEA-89613AAC15B6}"
EndProject
Project("{FAE04EC0-301F-11D3-BF4B-00C04F79EFBC}") = "HeroicallyRecipes.Web", "Web\HeroicallyRecipes.Web\HeroicallyRecipes.Web.csproj", "{672D927E-7B86-42B9-B6AA-5828288D7C94}"
EndProject
Project("{FAE04EC0-301F-11D3-BF4B-00C04F79EFBC}") = "HeroicallyRecipes.Web.Models", "Web\HeroicallyRecipes.Web.Models\HeroicallyRecipes.Web.Models.csproj", "{369F7DC8-9E18-4AB4-9CB2-839348F775F2}"
EndProject
Project("{FAE04EC0-301F-11D3-BF4B-00C04F79EFBC}") = "HeroicallyRecipes.Web.Infrastructure", "Web\HeroicallyRecipes.Web.Infrastructure\HeroicallyRecipes.Web.Infrastructure.csproj", "{95BFD582-C014-41E2-8F88-D928AD2E8D39}"
EndProject
Project("{FAE04EC0-301F-11D3-BF4B-00C04F79EFBC}") = "HeroicallyRecipes.Data", "Data\HeroicallyRecipes.Data\HeroicallyRecipes.Data.csproj", "{A12833F2-3D20-41BE-8B49-391DAA39381B}"
EndProject
Project("{FAE04EC0-301F-11D3-BF4B-00C04F79EFBC}") = "HeroicallyRecipes.Data.Models", "Data\HeroicallyRecipes.Models\HeroicallyRecipes.Data.Models.csproj", "{C731C909-11A0-4CC6-BDBC-905C83181D69}"
EndProject
Project("{2150E333-8FDC-42A3-9474-1A3956D46DE8}") = "Common", "Common", "{435CA033-39DB-4816-81AE-948FFDDAB5CA}"
EndProject
Project("{FAE04EC0-301F-11D3-BF4B-00C04F79EFBC}") = "HeroicallyRecipes.Common", "Common\HeroicallyRecipes.Common\HeroicallyRecipes.Common.csproj", "{01EEDF06-C998-4A8D-9AA2-0CC09CA8B649}"
EndProject
Project("{2150E333-8FDC-42A3-9474-1A3956D46DE8}") = "Tests", "Tests", "{12ECCF29-92ED-491D-8ED4-75011F40CDCE}"
EndProject
Project("{2150E333-8FDC-42A3-9474-1A3956D46DE8}") = "Services", "Services", "{EBA9A9B7-08B4-4E08-943D-BCB4071F3FF4}"
EndProject
Project("{FAE04EC0-301F-11D3-BF4B-00C04F79EFBC}") = "HeroicallyRecipes.Services.Data", "Services\HeroicallyRecipes.Services.Data\HeroicallyRecipes.Services.Data.csproj", "{5886B247-1B50-42A3-BB97-B09A94945EB9}"
EndProject
Project("{FAE04EC0-301F-11D3-BF4B-00C04F79EFBC}") = "HeroicallyRecipes.Services.Web", "Services\HeroicallyRecipes.Services.Web\HeroicallyRecipes.Services.Web.csproj", "{320D99E2-83DB-4D3B-8313-C89C037CE5D5}"
EndProject
Project("{FAE04EC0-301F-11D3-BF4B-00C04F79EFBC}") = "HeroicallyRecipes.Tests", "Tests\HeroicallyRecipes.Tests\HeroicallyRecipes.Tests.csproj", "{7ED60F60-05E5-4515-A66D-AA7F892C18ED}"
EndProject
Global
	GlobalSection(SolutionConfigurationPlatforms) = preSolution
		Debug|Any CPU = Debug|Any CPU
		Release|Any CPU = Release|Any CPU
	EndGlobalSection
	GlobalSection(ProjectConfigurationPlatforms) = postSolution
		{672D927E-7B86-42B9-B6AA-5828288D7C94}.Debug|Any CPU.ActiveCfg = Debug|Any CPU
		{672D927E-7B86-42B9-B6AA-5828288D7C94}.Debug|Any CPU.Build.0 = Debug|Any CPU
		{672D927E-7B86-42B9-B6AA-5828288D7C94}.Release|Any CPU.ActiveCfg = Release|Any CPU
		{672D927E-7B86-42B9-B6AA-5828288D7C94}.Release|Any CPU.Build.0 = Release|Any CPU
		{369F7DC8-9E18-4AB4-9CB2-839348F775F2}.Debug|Any CPU.ActiveCfg = Debug|Any CPU
		{369F7DC8-9E18-4AB4-9CB2-839348F775F2}.Debug|Any CPU.Build.0 = Debug|Any CPU
		{369F7DC8-9E18-4AB4-9CB2-839348F775F2}.Release|Any CPU.ActiveCfg = Release|Any CPU
		{369F7DC8-9E18-4AB4-9CB2-839348F775F2}.Release|Any CPU.Build.0 = Release|Any CPU
		{95BFD582-C014-41E2-8F88-D928AD2E8D39}.Debug|Any CPU.ActiveCfg = Debug|Any CPU
		{95BFD582-C014-41E2-8F88-D928AD2E8D39}.Debug|Any CPU.Build.0 = Debug|Any CPU
		{95BFD582-C014-41E2-8F88-D928AD2E8D39}.Release|Any CPU.ActiveCfg = Release|Any CPU
		{95BFD582-C014-41E2-8F88-D928AD2E8D39}.Release|Any CPU.Build.0 = Release|Any CPU
		{A12833F2-3D20-41BE-8B49-391DAA39381B}.Debug|Any CPU.ActiveCfg = Debug|Any CPU
		{A12833F2-3D20-41BE-8B49-391DAA39381B}.Debug|Any CPU.Build.0 = Debug|Any CPU
		{A12833F2-3D20-41BE-8B49-391DAA39381B}.Release|Any CPU.ActiveCfg = Release|Any CPU
		{A12833F2-3D20-41BE-8B49-391DAA39381B}.Release|Any CPU.Build.0 = Release|Any CPU
		{C731C909-11A0-4CC6-BDBC-905C83181D69}.Debug|Any CPU.ActiveCfg = Debug|Any CPU
		{C731C909-11A0-4CC6-BDBC-905C83181D69}.Debug|Any CPU.Build.0 = Debug|Any CPU
		{C731C909-11A0-4CC6-BDBC-905C83181D69}.Release|Any CPU.ActiveCfg = Release|Any CPU
		{C731C909-11A0-4CC6-BDBC-905C83181D69}.Release|Any CPU.Build.0 = Release|Any CPU
		{01EEDF06-C998-4A8D-9AA2-0CC09CA8B649}.Debug|Any CPU.ActiveCfg = Debug|Any CPU
		{01EEDF06-C998-4A8D-9AA2-0CC09CA8B649}.Debug|Any CPU.Build.0 = Debug|Any CPU
		{01EEDF06-C998-4A8D-9AA2-0CC09CA8B649}.Release|Any CPU.ActiveCfg = Release|Any CPU
		{01EEDF06-C998-4A8D-9AA2-0CC09CA8B649}.Release|Any CPU.Build.0 = Release|Any CPU
		{5886B247-1B50-42A3-BB97-B09A94945EB9}.Debug|Any CPU.ActiveCfg = Debug|Any CPU
		{5886B247-1B50-42A3-BB97-B09A94945EB9}.Debug|Any CPU.Build.0 = Debug|Any CPU
		{5886B247-1B50-42A3-BB97-B09A94945EB9}.Release|Any CPU.ActiveCfg = Release|Any CPU
		{5886B247-1B50-42A3-BB97-B09A94945EB9}.Release|Any CPU.Build.0 = Release|Any CPU
		{320D99E2-83DB-4D3B-8313-C89C037CE5D5}.Debug|Any CPU.ActiveCfg = Debug|Any CPU
		{320D99E2-83DB-4D3B-8313-C89C037CE5D5}.Debug|Any CPU.Build.0 = Debug|Any CPU
		{320D99E2-83DB-4D3B-8313-C89C037CE5D5}.Release|Any CPU.ActiveCfg = Release|Any CPU
		{320D99E2-83DB-4D3B-8313-C89C037CE5D5}.Release|Any CPU.Build.0 = Release|Any CPU
		{7ED60F60-05E5-4515-A66D-AA7F892C18ED}.Debug|Any CPU.ActiveCfg = Debug|Any CPU
		{7ED60F60-05E5-4515-A66D-AA7F892C18ED}.Debug|Any CPU.Build.0 = Debug|Any CPU
		{7ED60F60-05E5-4515-A66D-AA7F892C18ED}.Release|Any CPU.ActiveCfg = Release|Any CPU
		{7ED60F60-05E5-4515-A66D-AA7F892C18ED}.Release|Any CPU.Build.0 = Release|Any CPU
	EndGlobalSection
	GlobalSection(SolutionProperties) = preSolution
		HideSolutionNode = FALSE
	EndGlobalSection
	GlobalSection(NestedProjects) = preSolution
		{672D927E-7B86-42B9-B6AA-5828288D7C94} = {CD21CD7A-0677-4DCA-9BEA-89613AAC15B6}
		{369F7DC8-9E18-4AB4-9CB2-839348F775F2} = {CD21CD7A-0677-4DCA-9BEA-89613AAC15B6}
		{95BFD582-C014-41E2-8F88-D928AD2E8D39} = {CD21CD7A-0677-4DCA-9BEA-89613AAC15B6}
		{A12833F2-3D20-41BE-8B49-391DAA39381B} = {A255F3DD-6BDE-41F1-8F37-AAE0A0E45DEB}
		{C731C909-11A0-4CC6-BDBC-905C83181D69} = {A255F3DD-6BDE-41F1-8F37-AAE0A0E45DEB}
		{01EEDF06-C998-4A8D-9AA2-0CC09CA8B649} = {435CA033-39DB-4816-81AE-948FFDDAB5CA}
		{5886B247-1B50-42A3-BB97-B09A94945EB9} = {EBA9A9B7-08B4-4E08-943D-BCB4071F3FF4}
		{320D99E2-83DB-4D3B-8313-C89C037CE5D5} = {EBA9A9B7-08B4-4E08-943D-BCB4071F3FF4}
		{7ED60F60-05E5-4515-A66D-AA7F892C18ED} = {12ECCF29-92ED-491D-8ED4-75011F40CDCE}
	EndGlobalSection
EndGlobal
